
Microsoft Visual Studio Solution File, Format Version 12.00
# Visual Studio Version 16
VisualStudioVersion = 16.0.30804.86
MinimumVisualStudioVersion = 10.0.40219.1
Project("{FAE04EC0-301F-11D3-BF4B-00C04F79EFBC}") = "Bejko_AsyncTimeServer", "Bejko_AsyncTimeServer\Bejko_AsyncTimeServer.csproj", "{22B42B31-E324-4AFC-A7E5-3AE0E036DC9B}"
EndProject
Project("{FAE04EC0-301F-11D3-BF4B-00C04F79EFBC}") = "Bejko_SocketAsyncLib", "Bejko_SocketAsyncLib\Bejko_SocketAsyncLib.csproj", "{A92C6080-B67F-44FE-8A56-135DF565231A}"
EndProject
Global
	GlobalSection(SolutionConfigurationPlatforms) = preSolution
		Debug|Any CPU = Debug|Any CPU
		Release|Any CPU = Release|Any CPU
	EndGlobalSection
	GlobalSection(ProjectConfigurationPlatforms) = postSolution
		{22B42B31-E324-4AFC-A7E5-3AE0E036DC9B}.Debug|Any CPU.ActiveCfg = Debug|Any CPU
		{22B42B31-E324-4AFC-A7E5-3AE0E036DC9B}.Debug|Any CPU.Build.0 = Debug|Any CPU
		{22B42B31-E324-4AFC-A7E5-3AE0E036DC9B}.Release|Any CPU.ActiveCfg = Release|Any CPU
		{22B42B31-E324-4AFC-A7E5-3AE0E036DC9B}.Release|Any CPU.Build.0 = Release|Any CPU
		{A92C6080-B67F-44FE-8A56-135DF565231A}.Debug|Any CPU.ActiveCfg = Debug|Any CPU
		{A92C6080-B67F-44FE-8A56-135DF565231A}.Debug|Any CPU.Build.0 = Debug|Any CPU
		{A92C6080-B67F-44FE-8A56-135DF565231A}.Release|Any CPU.ActiveCfg = Release|Any CPU
		{A92C6080-B67F-44FE-8A56-135DF565231A}.Release|Any CPU.Build.0 = Release|Any CPU
	EndGlobalSection
	GlobalSection(SolutionProperties) = preSolution
		HideSolutionNode = FALSE
	EndGlobalSection
	GlobalSection(ExtensibilityGlobals) = postSolution
		SolutionGuid = {FFB43999-49D0-4CB0-9AE8-DAACC4F487FE}
	EndGlobalSection
EndGlobal
